
Microsoft Visual Studio Solution File, Format Version 12.00
# Visual Studio Version 16
VisualStudioVersion = 16.0.31424.327
MinimumVisualStudioVersion = 10.0.40219.1
Project("{FAE04EC0-301F-11D3-BF4B-00C04F79EFBC}") = "SalesWebMvc", "SalesWebMvc\SalesWebMvc.csproj", "{8DFDCA9A-E66F-4EB7-9165-6339EDF2BC5C}"
EndProject
Global
	GlobalSection(SolutionConfigurationPlatforms) = preSolution
		Debug|Any CPU = Debug|Any CPU
		Release|Any CPU = Release|Any CPU
	EndGlobalSection
	GlobalSection(ProjectConfigurationPlatforms) = postSolution
		{8DFDCA9A-E66F-4EB7-9165-6339EDF2BC5C}.Debug|Any CPU.ActiveCfg = Debug|Any CPU
		{8DFDCA9A-E66F-4EB7-9165-6339EDF2BC5C}.Debug|Any CPU.Build.0 = Debug|Any CPU
		{8DFDCA9A-E66F-4EB7-9165-6339EDF2BC5C}.Release|Any CPU.ActiveCfg = Release|Any CPU
		{8DFDCA9A-E66F-4EB7-9165-6339EDF2BC5C}.Release|Any CPU.Build.0 = Release|Any CPU
	EndGlobalSection
	GlobalSection(SolutionProperties) = preSolution
		HideSolutionNode = FALSE
	EndGlobalSection
	GlobalSection(ExtensibilityGlobals) = postSolution
		SolutionGuid = {17786F84-4C48-4AFE-AC0A-E8ABB8E942EC}
	EndGlobalSection
EndGlobal
